
Microsoft Visual Studio Solution File, Format Version 12.00
# Visual Studio Version 17
VisualStudioVersion = 17.5.33502.453
MinimumVisualStudioVersion = 10.0.40219.1
Project("{9A19103F-16F7-4668-BE54-9A1E7A4F7556}") = "GPTAPI", "GPTAPI\GPTAPI.csproj", "{74E31AC9-E860-44CF-AA4F-08BF3D7EF6CA}"
EndProject
Project("{FAE04EC0-301F-11D3-BF4B-00C04F79EFBC}") = "GPT.Application", "GPT.Application\GPT.Application.csproj", "{8FFD9D9A-8A6A-47F3-BC2D-EC4D2D762799}"
EndProject
Project("{FAE04EC0-301F-11D3-BF4B-00C04F79EFBC}") = "GPT.Domain", "GPT.Domain\GPT.Domain.csproj", "{59168FF0-3A9E-4478-AD15-C0F58DC6C367}"
EndProject
Global
	GlobalSection(SolutionConfigurationPlatforms) = preSolution
		Debug|Any CPU = Debug|Any CPU
		Release|Any CPU = Release|Any CPU
	EndGlobalSection
	GlobalSection(ProjectConfigurationPlatforms) = postSolution
		{74E31AC9-E860-44CF-AA4F-08BF3D7EF6CA}.Debug|Any CPU.ActiveCfg = Debug|Any CPU
		{74E31AC9-E860-44CF-AA4F-08BF3D7EF6CA}.Debug|Any CPU.Build.0 = Debug|Any CPU
		{74E31AC9-E860-44CF-AA4F-08BF3D7EF6CA}.Release|Any CPU.ActiveCfg = Release|Any CPU
		{74E31AC9-E860-44CF-AA4F-08BF3D7EF6CA}.Release|Any CPU.Build.0 = Release|Any CPU
		{8FFD9D9A-8A6A-47F3-BC2D-EC4D2D762799}.Debug|Any CPU.ActiveCfg = Debug|Any CPU
		{8FFD9D9A-8A6A-47F3-BC2D-EC4D2D762799}.Debug|Any CPU.Build.0 = Debug|Any CPU
		{8FFD9D9A-8A6A-47F3-BC2D-EC4D2D762799}.Release|Any CPU.ActiveCfg = Release|Any CPU
		{8FFD9D9A-8A6A-47F3-BC2D-EC4D2D762799}.Release|Any CPU.Build.0 = Release|Any CPU
		{59168FF0-3A9E-4478-AD15-C0F58DC6C367}.Debug|Any CPU.ActiveCfg = Debug|Any CPU
		{59168FF0-3A9E-4478-AD15-C0F58DC6C367}.Debug|Any CPU.Build.0 = Debug|Any CPU
		{59168FF0-3A9E-4478-AD15-C0F58DC6C367}.Release|Any CPU.ActiveCfg = Release|Any CPU
		{59168FF0-3A9E-4478-AD15-C0F58DC6C367}.Release|Any CPU.Build.0 = Release|Any CPU
	EndGlobalSection
	GlobalSection(SolutionProperties) = preSolution
		HideSolutionNode = FALSE
	EndGlobalSection
	GlobalSection(ExtensibilityGlobals) = postSolution
		SolutionGuid = {AA2D47E8-37F2-43D9-A80B-99CAE7C8823D}
	EndGlobalSection
EndGlobal
